
Microsoft Visual Studio Solution File, Format Version 12.00
# Visual Studio 2013
VisualStudioVersion = 12.0.30501.0
MinimumVisualStudioVersion = 10.0.40219.1
Project("{FAE04EC0-301F-11D3-BF4B-00C04F79EFBC}") = "OsmToGeoJSON", "OsmToGeoJSON\OsmToGeoJSON.csproj", "{BFB041B7-1173-4F12-8317-6DE2CBFA1925}"
EndProject
Project("{FAE04EC0-301F-11D3-BF4B-00C04F79EFBC}") = "OsmToGeoJSON.Tests", "OsmToGeoJSON.Tests\OsmToGeoJSON.Tests.csproj", "{97977393-3A95-457A-A330-D5B636E81A73}"
EndProject
Project("{FAE04EC0-301F-11D3-BF4B-00C04F79EFBC}") = "GeoJSON.Net", "GeoJSON.Net\src\GeoJSON.Net\GeoJSON.Net.csproj", "{7C0D45ED-681E-4DEC-9910-BAE1211E4889}"
EndProject
Project("{2150E333-8FDC-42A3-9474-1A3956D46DE8}") = ".nuget", ".nuget", "{B8786EF0-4391-44B7-97DC-772C7DD8E941}"
	ProjectSection(SolutionItems) = preProject
		.nuget\NuGet.Config = .nuget\NuGet.Config
		.nuget\NuGet.exe = .nuget\NuGet.exe
		.nuget\NuGet.targets = .nuget\NuGet.targets
	EndProjectSection
EndProject
Global
	GlobalSection(SolutionConfigurationPlatforms) = preSolution
		Debug|Any CPU = Debug|Any CPU
		Release|Any CPU = Release|Any CPU
	EndGlobalSection
	GlobalSection(ProjectConfigurationPlatforms) = postSolution
		{BFB041B7-1173-4F12-8317-6DE2CBFA1925}.Debug|Any CPU.ActiveCfg = Debug|Any CPU
		{BFB041B7-1173-4F12-8317-6DE2CBFA1925}.Debug|Any CPU.Build.0 = Debug|Any CPU
		{BFB041B7-1173-4F12-8317-6DE2CBFA1925}.Release|Any CPU.ActiveCfg = Release|Any CPU
		{BFB041B7-1173-4F12-8317-6DE2CBFA1925}.Release|Any CPU.Build.0 = Release|Any CPU
		{97977393-3A95-457A-A330-D5B636E81A73}.Debug|Any CPU.ActiveCfg = Debug|Any CPU
		{97977393-3A95-457A-A330-D5B636E81A73}.Debug|Any CPU.Build.0 = Debug|Any CPU
		{97977393-3A95-457A-A330-D5B636E81A73}.Release|Any CPU.ActiveCfg = Release|Any CPU
		{97977393-3A95-457A-A330-D5B636E81A73}.Release|Any CPU.Build.0 = Release|Any CPU
		{7C0D45ED-681E-4DEC-9910-BAE1211E4889}.Debug|Any CPU.ActiveCfg = Debug|Any CPU
		{7C0D45ED-681E-4DEC-9910-BAE1211E4889}.Debug|Any CPU.Build.0 = Debug|Any CPU
		{7C0D45ED-681E-4DEC-9910-BAE1211E4889}.Release|Any CPU.ActiveCfg = Release|Any CPU
		{7C0D45ED-681E-4DEC-9910-BAE1211E4889}.Release|Any CPU.Build.0 = Release|Any CPU
	EndGlobalSection
	GlobalSection(SolutionProperties) = preSolution
		HideSolutionNode = FALSE
	EndGlobalSection
EndGlobal
