
Microsoft Visual Studio Solution File, Format Version 12.00
# Visual Studio 2013
VisualStudioVersion = 12.0.30501.0
MinimumVisualStudioVersion = 10.0.40219.1
Project("{FAE04EC0-301F-11D3-BF4B-00C04F79EFBC}") = "OsmToGeoJSON", "OsmToGeoJSON\OsmToGeoJSON.csproj", "{BFB041B7-1173-4F12-8317-6DE2CBFA1925}"
EndProject
Project("{FAE04EC0-301F-11D3-BF4B-00C04F79EFBC}") = "OsmToGeoJSON.Tests", "OsmToGeoJSON.Tests\OsmToGeoJSON.Tests.csproj", "{97977393-3A95-457A-A330-D5B636E81A73}"
EndProject
Global
	GlobalSection(SolutionConfigurationPlatforms) = preSolution
		Debug|Any CPU = Debug|Any CPU
		Release|Any CPU = Release|Any CPU
	EndGlobalSection
	GlobalSection(ProjectConfigurationPlatforms) = postSolution
		{BFB041B7-1173-4F12-8317-6DE2CBFA1925}.Debug|Any CPU.ActiveCfg = Debug|Any CPU
		{BFB041B7-1173-4F12-8317-6DE2CBFA1925}.Debug|Any CPU.Build.0 = Debug|Any CPU
		{BFB041B7-1173-4F12-8317-6DE2CBFA1925}.Release|Any CPU.ActiveCfg = Release|Any CPU
		{BFB041B7-1173-4F12-8317-6DE2CBFA1925}.Release|Any CPU.Build.0 = Release|Any CPU
		{97977393-3A95-457A-A330-D5B636E81A73}.Debug|Any CPU.ActiveCfg = Debug|Any CPU
		{97977393-3A95-457A-A330-D5B636E81A73}.Debug|Any CPU.Build.0 = Debug|Any CPU
		{97977393-3A95-457A-A330-D5B636E81A73}.Release|Any CPU.ActiveCfg = Release|Any CPU
		{97977393-3A95-457A-A330-D5B636E81A73}.Release|Any CPU.Build.0 = Release|Any CPU
	EndGlobalSection
	GlobalSection(SolutionProperties) = preSolution
		HideSolutionNode = FALSE
	EndGlobalSection
EndGlobal
